
Microsoft Visual Studio Solution File, Format Version 12.00
# Visual Studio Version 17
VisualStudioVersion = 17.10.35004.147
MinimumVisualStudioVersion = 10.0.40219.1
Project("{FAE04EC0-301F-11D3-BF4B-00C04F79EFBC}") = "pz11_penkina", "pz11_penkina\pz11_penkina.csproj", "{A61D108E-F0D0-4140-9E71-A256DC71AC57}"
EndProject
Global
	GlobalSection(SolutionConfigurationPlatforms) = preSolution
		Debug|Any CPU = Debug|Any CPU
		Release|Any CPU = Release|Any CPU
	EndGlobalSection
	GlobalSection(ProjectConfigurationPlatforms) = postSolution
		{A61D108E-F0D0-4140-9E71-A256DC71AC57}.Debug|Any CPU.ActiveCfg = Debug|Any CPU
		{A61D108E-F0D0-4140-9E71-A256DC71AC57}.Debug|Any CPU.Build.0 = Debug|Any CPU
		{A61D108E-F0D0-4140-9E71-A256DC71AC57}.Release|Any CPU.ActiveCfg = Release|Any CPU
		{A61D108E-F0D0-4140-9E71-A256DC71AC57}.Release|Any CPU.Build.0 = Release|Any CPU
	EndGlobalSection
	GlobalSection(SolutionProperties) = preSolution
		HideSolutionNode = FALSE
	EndGlobalSection
	GlobalSection(ExtensibilityGlobals) = postSolution
		SolutionGuid = {444C3D68-4E73-4650-9EF1-9742176DAD89}
	EndGlobalSection
EndGlobal
